
Microsoft Visual Studio Solution File, Format Version 12.00
# Visual Studio Version 17
VisualStudioVersion = 17.3.32929.385
MinimumVisualStudioVersion = 10.0.40219.1
Project("{FAE04EC0-301F-11D3-BF4B-00C04F79EFBC}") = "NaviQu1z", "NaviQu1z\NaviQu1z.csproj", "{66F25EA6-093C-4C5F-8DD0-D461BEDCA617}"
EndProject
Global
	GlobalSection(SolutionConfigurationPlatforms) = preSolution
		Debug|Any CPU = Debug|Any CPU
		Release|Any CPU = Release|Any CPU
	EndGlobalSection
	GlobalSection(ProjectConfigurationPlatforms) = postSolution
		{66F25EA6-093C-4C5F-8DD0-D461BEDCA617}.Debug|Any CPU.ActiveCfg = Debug|Any CPU
		{66F25EA6-093C-4C5F-8DD0-D461BEDCA617}.Debug|Any CPU.Build.0 = Debug|Any CPU
		{66F25EA6-093C-4C5F-8DD0-D461BEDCA617}.Release|Any CPU.ActiveCfg = Release|Any CPU
		{66F25EA6-093C-4C5F-8DD0-D461BEDCA617}.Release|Any CPU.Build.0 = Release|Any CPU
	EndGlobalSection
	GlobalSection(SolutionProperties) = preSolution
		HideSolutionNode = FALSE
	EndGlobalSection
	GlobalSection(ExtensibilityGlobals) = postSolution
		SolutionGuid = {F54F3562-F756-42F8-B8A6-187B06926716}
	EndGlobalSection
EndGlobal
